
Microsoft Visual Studio Solution File, Format Version 12.00
Project("{FAE04EC0-301F-11D3-BF4B-00C04F79EFBC}") = "CatalogFilms", "CatalogFilms\CatalogFilms.csproj", "{DC9DED19-2999-49DD-8F12-8AC64B81A469}"
EndProject
Project("{FAE04EC0-301F-11D3-BF4B-00C04F79EFBC}") = "WebAPI", "WebAPI\WebAPI.csproj", "{C670D2D1-40FC-462E-9BCF-BD2E6C50EA2B}"
EndProject
Project("{FAE04EC0-301F-11D3-BF4B-00C04F79EFBC}") = "Domain", "Domain\Domain.csproj", "{B056EAAC-9DCA-4724-B741-796221972AE2}"
EndProject
Global
	GlobalSection(SolutionConfigurationPlatforms) = preSolution
		Debug|Any CPU = Debug|Any CPU
		Release|Any CPU = Release|Any CPU
	EndGlobalSection
	GlobalSection(ProjectConfigurationPlatforms) = postSolution
		{DC9DED19-2999-49DD-8F12-8AC64B81A469}.Debug|Any CPU.ActiveCfg = Debug|Any CPU
		{DC9DED19-2999-49DD-8F12-8AC64B81A469}.Debug|Any CPU.Build.0 = Debug|Any CPU
		{DC9DED19-2999-49DD-8F12-8AC64B81A469}.Release|Any CPU.ActiveCfg = Release|Any CPU
		{DC9DED19-2999-49DD-8F12-8AC64B81A469}.Release|Any CPU.Build.0 = Release|Any CPU
		{C670D2D1-40FC-462E-9BCF-BD2E6C50EA2B}.Debug|Any CPU.ActiveCfg = Debug|Any CPU
		{C670D2D1-40FC-462E-9BCF-BD2E6C50EA2B}.Debug|Any CPU.Build.0 = Debug|Any CPU
		{C670D2D1-40FC-462E-9BCF-BD2E6C50EA2B}.Release|Any CPU.ActiveCfg = Release|Any CPU
		{C670D2D1-40FC-462E-9BCF-BD2E6C50EA2B}.Release|Any CPU.Build.0 = Release|Any CPU
		{B056EAAC-9DCA-4724-B741-796221972AE2}.Debug|Any CPU.ActiveCfg = Debug|Any CPU
		{B056EAAC-9DCA-4724-B741-796221972AE2}.Debug|Any CPU.Build.0 = Debug|Any CPU
		{B056EAAC-9DCA-4724-B741-796221972AE2}.Release|Any CPU.ActiveCfg = Release|Any CPU
		{B056EAAC-9DCA-4724-B741-796221972AE2}.Release|Any CPU.Build.0 = Release|Any CPU
	EndGlobalSection
EndGlobal
